Microsoft Visual Studio Solution File, Format Version 12.00
# Visual Studio Version 17
VisualStudioVersion = 17.5.2.0
MinimumVisualStudioVersion = 10.0.40219.1
Project("{FAE04EC0-301F-11D3-BF4B-00C04F79EFBC}") = "MoonSharp", "MoonSharp.csproj", "{83EFD2A2-349B-CF38-8275-461774F783B7}"
EndProject
Global
	GlobalSection(SolutionConfigurationPlatforms) = preSolution
		Debug|Any CPU = Debug|Any CPU
		Release|Any CPU = Release|Any CPU
	EndGlobalSection
	GlobalSection(ProjectConfigurationPlatforms) = postSolution
		{83EFD2A2-349B-CF38-8275-461774F783B7}.Debug|Any CPU.ActiveCfg = Debug|Any CPU
		{83EFD2A2-349B-CF38-8275-461774F783B7}.Debug|Any CPU.Build.0 = Debug|Any CPU
		{83EFD2A2-349B-CF38-8275-461774F783B7}.Release|Any CPU.ActiveCfg = Release|Any CPU
		{83EFD2A2-349B-CF38-8275-461774F783B7}.Release|Any CPU.Build.0 = Release|Any CPU
	EndGlobalSection
	GlobalSection(SolutionProperties) = preSolution
		HideSolutionNode = FALSE
	EndGlobalSection
	GlobalSection(ExtensibilityGlobals) = postSolution
		SolutionGuid = {09B43FB2-4F5D-4FFB-A621-83F87B5C317D}
	EndGlobalSection
EndGlobal
